
Microsoft Visual Studio Solution File, Format Version 12.00
# Visual Studio Version 17
VisualStudioVersion = 17.2.32630.192
MinimumVisualStudioVersion = 10.0.40219.1
Project("{FAE04EC0-301F-11D3-BF4B-00C04F79EFBC}") = "GitDemo", "GitDemo\GitDemo.csproj", "{D5DBA0B6-98FB-4D26-A652-98EDD34D5A66}"
EndProject
Global
	GlobalSection(SolutionConfigurationPlatforms) = preSolution
		Debug|Any CPU = Debug|Any CPU
		Release|Any CPU = Release|Any CPU
	EndGlobalSection
	GlobalSection(ProjectConfigurationPlatforms) = postSolution
		{D5DBA0B6-98FB-4D26-A652-98EDD34D5A66}.Debug|Any CPU.ActiveCfg = Debug|Any CPU
		{D5DBA0B6-98FB-4D26-A652-98EDD34D5A66}.Debug|Any CPU.Build.0 = Debug|Any CPU
		{D5DBA0B6-98FB-4D26-A652-98EDD34D5A66}.Release|Any CPU.ActiveCfg = Release|Any CPU
		{D5DBA0B6-98FB-4D26-A652-98EDD34D5A66}.Release|Any CPU.Build.0 = Release|Any CPU
	EndGlobalSection
	GlobalSection(SolutionProperties) = preSolution
		HideSolutionNode = FALSE
	EndGlobalSection
	GlobalSection(ExtensibilityGlobals) = postSolution
		SolutionGuid = {777BDDC1-916D-4F86-A736-67D7235B1DAB}
	EndGlobalSection
EndGlobal
